// !$*UTF8*$!
{
	archiveVersion = 1;
	classes = {
	};
	objectVersion = 56;
	objects = {

/* Begin PBXBuildFile section */
		D5ADB9D32AA7F0D70063D055 /* AppDelegate.swift in Sources */ = {isa = PBXBuildFile; fileRef = D5ADB9D22AA7F0D70063D055 /* AppDelegate.swift */; };
		D5ADB9D52AA7F0D70063D055 /* SceneDelegate.swift in Sources */ = {isa = PBXBuildFile; fileRef = D5ADB9D42AA7F0D70063D055 /* SceneDelegate.swift */; };
		D5ADB9D72AA7F0D70063D055 /* ViewController.swift in Sources */ = {isa = PBXBuildFile; fileRef = D5ADB9D62AA7F0D70063D055 /* ViewController.swift */; };
		D5ADB9DA2AA7F0D70063D055 /* Main.storyboard in Resources */ = {isa = PBXBuildFile; fileRef = D5ADB9D82AA7F0D70063D055 /* Main.storyboard */; };
		D5ADB9DC2AA7F0DA0063D055 /* Assets.xcassets in Resources */ = {isa = PBXBuildFile; fileRef = D5ADB9DB2AA7F0DA0063D055 /* Assets.xcassets */; };
		D5ADB9DF2AA7F0DA0063D055 /* LaunchScreen.storyboard in Resources */ = {isa = PBXBuildFile; fileRef = D5ADB9DD2AA7F0DA0063D055 /* LaunchScreen.storyboard */; };
		D5ADB9EA2AA7F0DA0063D055 /* Live_Demo_Week_03_Example_IOS_AppTests.swift in Sources */ = {isa = PBXBuildFile; fileRef = D5ADB9E92AA7F0DA0063D055 /* Live_Demo_Week_03_Example_IOS_AppTests.swift */; };
		D5ADB9F42AA7F0DB0063D055 /* Live_Demo_Week_03_Example_IOS_AppUITests.swift in Sources */ = {isa = PBXBuildFile; fileRef = D5ADB9F32AA7F0DB0063D055 /* Live_Demo_Week_03_Example_IOS_AppUITests.swift */; };
		D5ADB9F62AA7F0DB0063D055 /* Live_Demo_Week_03_Example_IOS_AppUITestsLaunchTests.swift in Sources */ = {isa = PBXBuildFile; fileRef = D5ADB9F52AA7F0DB0063D055 /* Live_Demo_Week_03_Example_IOS_AppUITestsLaunchTests.swift */; };
/* End PBXBuildFile section */

/* Begin PBXContainerItemProxy section */
		D5ADB9E62AA7F0DA0063D055 /* PBXContainerItemProxy */ = {
			isa = PBXContainerItemProxy;
			containerPortal = D5ADB9C72AA7F0D70063D055 /* Project object */;
			proxyType = 1;
			remoteGlobalIDString = D5ADB9CE2AA7F0D70063D055;
			remoteInfo = "Live-Demo-Week_03-Example-IOS-App";
		};
		D5ADB9F02AA7F0DB0063D055 /* PBXContainerItemProxy */ = {
			isa = PBXContainerItemProxy;
			containerPortal = D5ADB9C72AA7F0D70063D055 /* Project object */;
			proxyType = 1;
			remoteGlobalIDString = D5ADB9CE2AA7F0D70063D055;
			remoteInfo = "Live-Demo-Week_03-Example-IOS-App";
		};
/* End PBXContainerItemProxy section */

/* Begin PBXFileReference section */
		D5ADB9CF2AA7F0D70063D055 /* Live-Demo-Week_03-Example-IOS-App.app */ = {isa = PBXFileReference; explicitFileType = wrapper.application; includeInIndex = 0; path = "Live-Demo-Week_03-Example-IOS-App.app"; sourceTree = BUILT_PRODUCTS_DIR; };
		D5ADB9D22AA7F0D70063D055 /* AppDelegate.swift */ = {isa = PBXFileReference; lastKnownFileType = sourcecode.swift; path = AppDelegate.swift; sourceTree = "<group>"; };
		D5ADB9D42AA7F0D70063D055 /* SceneDelegate.swift */ = {isa = PBXFileReference; lastKnownFileType = sourcecode.swift; path = SceneDelegate.swift; sourceTree = "<group>"; };
		D5ADB9D62AA7F0D70063D055 /* ViewController.swift */ = {isa = PBXFileReference; lastKnownFileType = sourcecode.swift; path = ViewController.swift; sourceTree = "<group>"; };
		D5ADB9D92AA7F0D70063D055 /* Base */ = {isa = PBXFileReference; lastKnownFileType = file.storyboard; name = Base; path = Base.lproj/Main.storyboard; sourceTree = "<group>"; };
		D5ADB9DB2AA7F0DA0063D055 /* Assets.xcassets */ = {isa = PBXFileReference; lastKnownFileType = folder.assetcatalog; path = Assets.xcassets; sourceTree = "<group>"; };
		D5ADB9DE2AA7F0DA0063D055 /* Base */ = {isa = PBXFileReference; lastKnownFileType = file.storyboard; name = Base; path = Base.lproj/LaunchScreen.storyboard; sourceTree = "<group>"; };
		D5ADB9E02AA7F0DA0063D055 /* Info.plist */ = {isa = PBXFileReference; lastKnownFileType = text.plist.xml; path = Info.plist; sourceTree = "<group>"; };
		D5ADB9E52AA7F0DA0063D055 /* Live-Demo-Week_03-Example-IOS-AppTests.xctest */ = {isa = PBXFileReference; explicitFileType = wrapper.cfbundle; includeInIndex = 0; path = "Live-Demo-Week_03-Example-IOS-AppTests.xctest"; sourceTree = BUILT_PRODUCTS_DIR; };
		D5ADB9E92AA7F0DA0063D055 /* Live_Demo_Week_03_Example_IOS_AppTests.swift */ = {isa = PBXFileReference; lastKnownFileType = sourcecode.swift; path = Live_Demo_Week_03_Example_IOS_AppTests.swift; sourceTree = "<group>"; };
		D5ADB9EF2AA7F0DB0063D055 /* Live-Demo-Week_03-Example-IOS-AppUITests.xctest */ = {isa = PBXFileReference; explicitFileType = wrapper.cfbundle; includeInIndex = 0; path = "Live-Demo-Week_03-Example-IOS-AppUITests.xctest"; sourceTree = BUILT_PRODUCTS_DIR; };
		D5ADB9F32AA7F0DB0063D055 /* Live_Demo_Week_03_Example_IOS_AppUITests.swift */ = {isa = PBXFileReference; lastKnownFileType = sourcecode.swift; path = Live_Demo_Week_03_Example_IOS_AppUITests.swift; sourceTree = "<group>"; };
		D5ADB9F52AA7F0DB0063D055 /* Live_Demo_Week_03_Example_IOS_AppUITestsLaunchTests.swift */ = {isa = PBXFileReference; lastKnownFileType = sourcecode.swift; path = Live_Demo_Week_03_Example_IOS_AppUITestsLaunchTests.swift; sourceTree = "<group>"; };
/* End PBXFileReference section */

/* Begin PBXFrameworksBuildPhase section */
		D5ADB9CC2AA7F0D70063D055 /* Frameworks */ = {
			isa = PBXFrameworksBuildPhase;
			buildActionMask = 2147483647;
			files = (
			);
			runOnlyForDeploymentPostprocessing = 0;
		};
		D5ADB9E22AA7F0DA0063D055 /* Frameworks */ = {
			isa = PBXFrameworksBuildPhase;
			buildActionMask = 2147483647;
			files = (
			);
			runOnlyForDeploymentPostprocessing = 0;
		};
		D5ADB9EC2AA7F0DB0063D055 /* Frameworks */ = {
			isa = PBXFrameworksBuildPhase;
			buildActionMask = 2147483647;
			files = (
			);
			runOnlyForDeploymentPostprocessing = 0;
		};
/* End PBXFrameworksBuildPhase section */

/* Begin PBXGroup section */
		D5ADB9C62AA7F0D70063D055 = {
			isa = PBXGroup;
			children = (
				D5ADB9D12AA7F0D70063D055 /* Live-Demo-Week_03-Example-IOS-App */,
				D5ADB9E82AA7F0DA0063D055 /* Live-Demo-Week_03-Example-IOS-AppTests */,
				D5ADB9F22AA7F0DB0063D055 /* Live-Demo-Week_03-Example-IOS-AppUITests */,
				D5ADB9D02AA7F0D70063D055 /* Products */,
			);
			sourceTree = "<group>";
		};
		D5ADB9D02AA7F0D70063D055 /* Products */ = {
			isa = PBXGroup;
			children = (
				D5ADB9CF2AA7F0D70063D055 /* Live-Demo-Week_03-Example-IOS-App.app */,
				D5ADB9E52AA7F0DA0063D055 /* Live-Demo-Week_03-Example-IOS-AppTests.xctest */,
				D5ADB9EF2AA7F0DB0063D055 /* Live-Demo-Week_03-Example-IOS-AppUITests.xctest */,
			);
			name = Products;
			sourceTree = "<group>";
		};
		D5ADB9D12AA7F0D70063D055 /* Live-Demo-Week_03-Example-IOS-App */ = {
			isa = PBXGroup;
			children = (
				D5ADB9D22AA7F0D70063D055 /* AppDelegate.swift */,
				D5ADB9D42AA7F0D70063D055 /* SceneDelegate.swift */,
				D5ADB9D62AA7F0D70063D055 /* ViewController.swift */,
				D5ADB9D82AA7F0D70063D055 /* Main.storyboard */,
				D5ADB9DB2AA7F0DA0063D055 /* Assets.xcassets */,
				D5ADB9DD2AA7F0DA0063D055 /* LaunchScreen.storyboard */,
				D5ADB9E02AA7F0DA0063D055 /* Info.plist */,
			);
			path = "Live-Demo-Week_03-Example-IOS-App";
			sourceTree = "<group>";
		};
		D5ADB9E82AA7F0DA0063D055 /* Live-Demo-Week_03-Example-IOS-AppTests */ = {
			isa = PBXGroup;
			children = (
				D5ADB9E92AA7F0DA0063D055 /* Live_Demo_Week_03_Example_IOS_AppTests.swift */,
			);
			path = "Live-Demo-Week_03-Example-IOS-AppTests";
			sourceTree = "<group>";
		};
		D5ADB9F22AA7F0DB0063D055 /* Live-Demo-Week_03-Example-IOS-AppUITests */ = {
			isa = PBXGroup;
			children = (
				D5ADB9F32AA7F0DB0063D055 /* Live_Demo_Week_03_Example_IOS_AppUITests.swift */,
				D5ADB9F52AA7F0DB0063D055 /* Live_Demo_Week_03_Example_IOS_AppUITestsLaunchTests.swift */,
			);
			path = "Live-Demo-Week_03-Example-IOS-AppUITests";
			sourceTree = "<group>";
		};
/* End PBXGroup section */

/* Begin PBXNativeTarget section */
		D5ADB9CE2AA7F0D70063D055 /* Live-Demo-Week_03-Example-IOS-App */ = {
			isa = PBXNativeTarget;
			buildConfigurationList = D5ADB9F92AA7F0DB0063D055 /* Build configuration list for PBXNativeTarget "Live-Demo-Week_03-Example-IOS-App" */;
			buildPhases = (
				D5ADB9CB2AA7F0D70063D055 /* Sources */,
				D5ADB9CC2AA7F0D70063D055 /* Frameworks */,
				D5ADB9CD2AA7F0D70063D055 /* Resources */,
			);
			buildRules = (
			);
			dependencies = (
			);
			name = "Live-Demo-Week_03-Example-IOS-App";
			productName = "Live-Demo-Week_03-Example-IOS-App";
			productReference = D5ADB9CF2AA7F0D70063D055 /* Live-Demo-Week_03-Example-IOS-App.app */;
			productType = "com.apple.product-type.application";
		};
		D5ADB9E42AA7F0DA0063D055 /* Live-Demo-Week_03-Example-IOS-AppTests */ = {
			isa = PBXNativeTarget;
			buildConfigurationList = D5ADB9FC2AA7F0DB0063D055 /* Build configuration list for PBXNativeTarget "Live-Demo-Week_03-Example-IOS-AppTests" */;
			buildPhases = (
				D5ADB9E12AA7F0DA0063D055 /* Sources */,
				D5ADB9E22AA7F0DA0063D055 /* Frameworks */,
				D5ADB9E32AA7F0DA0063D055 /* Resources */,
			);
			buildRules = (
			);
			dependencies = (
				D5ADB9E72AA7F0DA0063D055 /* PBXTargetDependency */,
			);
			name = "Live-Demo-Week_03-Example-IOS-AppTests";
			productName = "Live-Demo-Week_03-Example-IOS-AppTests";
			productReference = D5ADB9E52AA7F0DA0063D055 /* Live-Demo-Week_03-Example-IOS-AppTests.xctest */;
			productType = "com.apple.product-type.bundle.unit-test";
		};
		D5ADB9EE2AA7F0DB0063D055 /* Live-Demo-Week_03-Example-IOS-AppUITests */ = {
			isa = PBXNativeTarget;
			buildConfigurationList = D5ADB9FF2AA7F0DB0063D055 /* Build configuration list for PBXNativeTarget "Live-Demo-Week_03-Example-IOS-AppUITests" */;
			buildPhases = (
				D5ADB9EB2AA7F0DB0063D055 /* Sources */,
				D5ADB9EC2AA7F0DB0063D055 /* Frameworks */,
				D5ADB9ED2AA7F0DB0063D055 /* Resources */,
			);
			buildRules = (
			);
			dependencies = (
				D5ADB9F12AA7F0DB0063D055 /* PBXTargetDependency */,
			);
			name = "Live-Demo-Week_03-Example-IOS-AppUITests";
			productName = "Live-Demo-Week_03-Example-IOS-AppUITests";
			productReference = D5ADB9EF2AA7F0DB0063D055 /* Live-Demo-Week_03-Example-IOS-AppUITests.xctest */;
			productType = "com.apple.product-type.bundle.ui-testing";
		};
/* End PBXNativeTarget section */

/* Begin PBXProject section */
		D5ADB9C72AA7F0D70063D055 /* Project object */ = {
			isa = PBXProject;
			attributes = {
				BuildIndependentTargetsInParallel = 1;
				LastSwiftUpdateCheck = 1430;
				LastUpgradeCheck = 1430;
				TargetAttributes = {
					D5ADB9CE2AA7F0D70063D055 = {
						CreatedOnToolsVersion = 14.3.1;
					};
					D5ADB9E42AA7F0DA0063D055 = {
						CreatedOnToolsVersion = 14.3.1;
						TestTargetID = D5ADB9CE2AA7F0D70063D055;
					};
					D5ADB9EE2AA7F0DB0063D055 = {
						CreatedOnToolsVersion = 14.3.1;
						TestTargetID = D5ADB9CE2AA7F0D70063D055;
					};
				};
			};
			buildConfigurationList = D5ADB9CA2AA7F0D70063D055 /* Build configuration list for PBXProject "Live-Demo-Week_03-Example-IOS-App" */;
			compatibilityVersion = "Xcode 14.0";
			developmentRegion = en;
			hasScannedForEncodings = 0;
			knownRegions = (
				en,
				Base,
			);
			mainGroup = D5ADB9C62AA7F0D70063D055;
			productRefGroup = D5ADB9D02AA7F0D70063D055 /* Products */;
			projectDirPath = "";
			projectRoot = "";
			targets = (
				D5ADB9CE2AA7F0D70063D055 /* Live-Demo-Week_03-Example-IOS-App */,
				D5ADB9E42AA7F0DA0063D055 /* Live-Demo-Week_03-Example-IOS-AppTests */,
				D5ADB9EE2AA7F0DB0063D055 /* Live-Demo-Week_03-Example-IOS-AppUITests */,
			);
		};
/* End PBXProject section */

/* Begin PBXResourcesBuildPhase section */
		D5ADB9CD2AA7F0D70063D055 /* Resources */ = {
			isa = PBXResourcesBuildPhase;
			buildActionMask = 2147483647;
			files = (
				D5ADB9DF2AA7F0DA0063D055 /* LaunchScreen.storyboard in Resources */,
				D5ADB9DC2AA7F0DA0063D055 /* Assets.xcassets in Resources */,
				D5ADB9DA2AA7F0D70063D055 /* Main.storyboard in Resources */,
			);
			runOnlyForDeploymentPostprocessing = 0;
		};
		D5ADB9E32AA7F0DA0063D055 /* Resources */ = {
			isa = PBXResourcesBuildPhase;
			buildActionMask = 2147483647;
			files = (
			);
			runOnlyForDeploymentPostprocessing = 0;
		};
		D5ADB9ED2AA7F0DB0063D055 /* Resources */ = {
			isa = PBXResourcesBuildPhase;
			buildActionMask = 2147483647;
			files = (
			);
			runOnlyForDeploymentPostprocessing = 0;
		};
/* End PBXResourcesBuildPhase section */

/* Begin PBXSourcesBuildPhase section */
		D5ADB9CB2AA7F0D70063D055 /* Sources */ = {
			isa = PBXSourcesBuildPhase;
			buildActionMask = 2147483647;
			files = (
				D5ADB9D72AA7F0D70063D055 /* ViewController.swift in Sources */,
				D5ADB9D32AA7F0D70063D055 /* AppDelegate.swift in Sources */,
				D5ADB9D52AA7F0D70063D055 /* SceneDelegate.swift in Sources */,
			);
			runOnlyForDeploymentPostprocessing = 0;
		};
		D5ADB9E12AA7F0DA0063D055 /* Sources */ = {
			isa = PBXSourcesBuildPhase;
			buildActionMask = 2147483647;
			files = (
				D5ADB9EA2AA7F0DA0063D055 /* Live_Demo_Week_03_Example_IOS_AppTests.swift in Sources */,
			);
			runOnlyForDeploymentPostprocessing = 0;
		};
		D5ADB9EB2AA7F0DB0063D055 /* Sources */ = {
			isa = PBXSourcesBuildPhase;
			buildActionMask = 2147483647;
			files = (
				D5ADB9F42AA7F0DB0063D055 /* Live_Demo_Week_03_Example_IOS_AppUITests.swift in Sources */,
				D5ADB9F62AA7F0DB0063D055 /* Live_Demo_Week_03_Example_IOS_AppUITestsLaunchTests.swift in Sources */,
			);
			runOnlyForDeploymentPostprocessing = 0;
		};
/* End PBXSourcesBuildPhase section */

/* Begin PBXTargetDependency section */
		D5ADB9E72AA7F0DA0063D055 /* PBXTargetDependency */ = {
			isa = PBXTargetDependency;
			target = D5ADB9CE2AA7F0D70063D055 /* Live-Demo-Week_03-Example-IOS-App */;
			targetProxy = D5ADB9E62AA7F0DA0063D055 /* PBXContainerItemProxy */;
		};
		D5ADB9F12AA7F0DB0063D055 /* PBXTargetDependency */ = {
			isa = PBXTargetDependency;
			target = D5ADB9CE2AA7F0D70063D055 /* Live-Demo-Week_03-Example-IOS-App */;
			targetProxy = D5ADB9F02AA7F0DB0063D055 /* PBXContainerItemProxy */;
		};
/* End PBXTargetDependency section */

/* Begin PBXVariantGroup section */
		D5ADB9D82AA7F0D70063D055 /* Main.storyboard */ = {
			isa = PBXVariantGroup;
			children = (
				D5ADB9D92AA7F0D70063D055 /* Base */,
			);
			name = Main.storyboard;
			sourceTree = "<group>";
		};
		D5ADB9DD2AA7F0DA0063D055 /* LaunchScreen.storyboard */ = {
			isa = PBXVariantGroup;
			children = (
				D5ADB9DE2AA7F0DA0063D055 /* Base */,
			);
			name = LaunchScreen.storyboard;
			sourceTree = "<group>";
		};
/* End PBXVariantGroup section */

/* Begin XCBuildConfiguration section */
		D5ADB9F72AA7F0DB0063D055 /* Debug */ = {
			isa = XCBuildConfiguration;
			buildSettings = {
				ALWAYS_SEARCH_USER_PATHS = NO;
				CLANG_ANALYZER_NONNULL = YES;
				CLANG_ANALYZER_NUMBER_OBJECT_CONVERSION = YES_AGGRESSIVE;
				CLANG_CXX_LANGUAGE_STANDARD = "gnu++20";
				CLANG_ENABLE_MODULES = YES;
				CLANG_ENABLE_OBJC_ARC = YES;
				CLANG_ENABLE_OBJC_WEAK = YES;
				CLANG_WARN_BLOCK_CAPTURE_AUTORELEASING = YES;
				CLANG_WARN_BOOL_CONVERSION = YES;
				CLANG_WARN_COMMA = YES;
				CLANG_WARN_CONSTANT_CONVERSION = YES;
				CLANG_WARN_DEPRECATED_OBJC_IMPLEMENTATIONS = YES;
				CLANG_WARN_DIRECT_OBJC_ISA_USAGE = YES_ERROR;
				CLANG_WARN_DOCUMENTATION_COMMENTS = YES;
				CLANG_WARN_EMPTY_BODY = YES;
				CLANG_WARN_ENUM_CONVERSION = YES;
				CLANG_WARN_INFINITE_RECURSION = YES;
				CLANG_WARN_INT_CONVERSION = YES;
				CLANG_WARN_NON_LITERAL_NULL_CONVERSION = YES;
				CLANG_WARN_OBJC_IMPLICIT_RETAIN_SELF = YES;
				CLANG_WARN_OBJC_LITERAL_CONVERSION = YES;
				CLANG_WARN_OBJC_ROOT_CLASS = YES_ERROR;
				CLANG_WARN_QUOTED_INCLUDE_IN_FRAMEWORK_HEADER = YES;
				CLANG_WARN_RANGE_LOOP_ANALYSIS = YES;
				CLANG_WARN_STRICT_PROTOTYPES = YES;
				CLANG_WARN_SUSPICIOUS_MOVE = YES;
				CLANG_WARN_UNGUARDED_AVAILABILITY = YES_AGGRESSIVE;
				CLANG_WARN_UNREACHABLE_CODE = YES;
				CLANG_WARN__DUPLICATE_METHOD_MATCH = YES;
				COPY_PHASE_STRIP = NO;
				DEBUG_INFORMATION_FORMAT = dwarf;
				ENABLE_STRICT_OBJC_MSGSEND = YES;
				ENABLE_TESTABILITY = YES;
				GCC_C_LANGUAGE_STANDARD = gnu11;
				GCC_DYNAMIC_NO_PIC = NO;
				GCC_NO_COMMON_BLOCKS = YES;
				GCC_OPTIMIZATION_LEVEL = 0;
				GCC_PREPROCESSOR_DEFINITIONS = (
					"DEBUG=1",
					"$(inherited)",
				);
				GCC_WARN_64_TO_32_BIT_CONVERSION = YES;
				GCC_WARN_ABOUT_RETURN_TYPE = YES_ERROR;
				GCC_WARN_UNDECLARED_SELECTOR = YES;
				GCC_WARN_UNINITIALIZED_AUTOS = YES_AGGRESSIVE;
				GCC_WARN_UNUSED_FUNCTION = YES;
				GCC_WARN_UNUSED_VARIABLE = YES;
				IPHONEOS_DEPLOYMENT_TARGET = 16.4;
				MTL_ENABLE_DEBUG_INFO = INCLUDE_SOURCE;
				MTL_FAST_MATH = YES;
				ONLY_ACTIVE_ARCH = YES;
				SDKROOT = iphoneos;
				SWIFT_ACTIVE_COMPILATION_CONDITIONS = DEBUG;
				SWIFT_OPTIMIZATION_LEVEL = "-Onone";
			};
			name = Debug;
		};
		D5ADB9F82AA7F0DB0063D055 /* Release */ = {
			isa = XCBuildConfiguration;
			buildSettings = {
				ALWAYS_SEARCH_USER_PATHS = NO;
				CLANG_ANALYZER_NONNULL = YES;
				CLANG_ANALYZER_NUMBER_OBJECT_CONVERSION = YES_AGGRESSIVE;
				CLANG_CXX_LANGUAGE_STANDARD = "gnu++20";
				CLANG_ENABLE_MODULES = YES;
				CLANG_ENABLE_OBJC_ARC = YES;
				CLANG_ENABLE_OBJC_WEAK = YES;
				CLANG_WARN_BLOCK_CAPTURE_AUTORELEASING = YES;
				CLANG_WARN_BOOL_CONVERSION = YES;
				CLANG_WARN_COMMA = YES;
				CLANG_WARN_CONSTANT_CONVERSION = YES;
				CLANG_WARN_DEPRECATED_OBJC_IMPLEMENTATIONS = YES;
				CLANG_WARN_DIRECT_OBJC_ISA_USAGE = YES_ERROR;
				CLANG_WARN_DOCUMENTATION_COMMENTS = YES;
				CLANG_WARN_EMPTY_BODY = YES;
				CLANG_WARN_ENUM_CONVERSION = YES;
				CLANG_WARN_INFINITE_RECURSION = YES;
				CLANG_WARN_INT_CONVERSION = YES;
				CLANG_WARN_NON_LITERAL_NULL_CONVERSION = YES;
				CLANG_WARN_OBJC_IMPLICIT_RETAIN_SELF = YES;
				CLANG_WARN_OBJC_LITERAL_CONVERSION = YES;
				CLANG_WARN_OBJC_ROOT_CLASS = YES_ERROR;
				CLANG_WARN_QUOTED_INCLUDE_IN_FRAMEWORK_HEADER = YES;
				CLANG_WARN_RANGE_LOOP_ANALYSIS = YES;
				CLANG_WARN_STRICT_PROTOTYPES = YES;
				CLANG_WARN_SUSPICIOUS_MOVE = YES;
				CLANG_WARN_UNGUARDED_AVAILABILITY = YES_AGGRESSIVE;
				CLANG_WARN_UNREACHABLE_CODE = YES;
				CLANG_WARN__DUPLICATE_METHOD_MATCH = YES;
				COPY_PHASE_STRIP = NO;
				DEBUG_INFORMATION_FORMAT = "dwarf-with-dsym";
				ENABLE_NS_ASSERTIONS = NO;
				ENABLE_STRICT_OBJC_MSGSEND = YES;
				GCC_C_LANGUAGE_STANDARD = gnu11;
				GCC_NO_COMMON_BLOCKS = YES;
				GCC_WARN_64_TO_32_BIT_CONVERSION = YES;
				GCC_WARN_ABOUT_RETURN_TYPE = YES_ERROR;
				GCC_WARN_UNDECLARED_SELECTOR = YES;
				GCC_WARN_UNINITIALIZED_AUTOS = YES_AGGRESSIVE;
				GCC_WARN_UNUSED_FUNCTION = YES;
				GCC_WARN_UNUSED_VARIABLE = YES;
				IPHONEOS_DEPLOYMENT_TARGET = 16.4;
				MTL_ENABLE_DEBUG_INFO = NO;
				MTL_FAST_MATH = YES;
				SDKROOT = iphoneos;
				SWIFT_COMPILATION_MODE = wholemodule;
				SWIFT_OPTIMIZATION_LEVEL = "-O";
				VALIDATE_PRODUCT = YES;
			};
			name = Release;
		};
		D5ADB9FA2AA7F0DB0063D055 /* Debug */ = {
			isa = XCBuildConfiguration;
			buildSettings = {
				ASSETCATALOG_COMPILER_APPICON_NAME = AppIcon;
				ASSETCATALOG_COMPILER_GLOBAL_ACCENT_COLOR_NAME = AccentColor;
				CODE_SIGN_STYLE = Automatic;
				CURRENT_PROJECT_VERSION = 1;
				DEVELOPMENT_TEAM = VK34W687C2;
				GENERATE_INFOPLIST_FILE = YES;
				INFOPLIST_FILE = "Live-Demo-Week_03-Example-IOS-App/Info.plist";
				INFOPLIST_KEY_UIApplicationSupportsIndirectInputEvents = YES;
				INFOPLIST_KEY_UILaunchStoryboardName = LaunchScreen;
				INFOPLIST_KEY_UIMainStoryboardFile = Main;
				INFOPLIST_KEY_UISupportedInterfaceOrientations_iPad = "UIInterfaceOrientationPortrait UIInterfaceOrientationPortraitUpsideDown UIInterfaceOrientationLandscapeLeft UIInterfaceOrientationLandscapeRight";
				INFOPLIST_KEY_UISupportedInterfaceOrientations_iPhone = "UIInterfaceOrientationPortrait UIInterfaceOrientationLandscapeLeft UIInterfaceOrientationLandscapeRight";
				LD_RUNPATH_SEARCH_PATHS = (
					"$(inherited)",
					"@executable_path/Frameworks",
				);
				MARKETING_VERSION = 1.0;
				PRODUCT_BUNDLE_IDENTIFIER = "com.puhp.slideshows.Live-Demo-Week-03-Example-IOS-App";
				PRODUCT_NAME = "$(TARGET_NAME)";
				SWIFT_EMIT_LOC_STRINGS = YES;
				SWIFT_VERSION = 5.0;
				TARGETED_DEVICE_FAMILY = "1,2";
			};
			name = Debug;
		};
		D5ADB9FB2AA7F0DB0063D055 /* Release */ = {
			isa = XCBuildConfiguration;
			buildSettings = {
				ASSETCATALOG_COMPILER_APPICON_NAME = AppIcon;
				ASSETCATALOG_COMPILER_GLOBAL_ACCENT_COLOR_NAME = AccentColor;
				CODE_SIGN_STYLE = Automatic;
				CURRENT_PROJECT_VERSION = 1;
				DEVELOPMENT_TEAM = VK34W687C2;
				GENERATE_INFOPLIST_FILE = YES;
				INFOPLIST_FILE = "Live-Demo-Week_03-Example-IOS-App/Info.plist";
				INFOPLIST_KEY_UIApplicationSupportsIndirectInputEvents = YES;
				INFOPLIST_KEY_UILaunchStoryboardName = LaunchScreen;
				INFOPLIST_KEY_UIMainStoryboardFile = Main;
				INFOPLIST_KEY_UISupportedInterfaceOrientations_iPad = "UIInterfaceOrientationPortrait UIInterfaceOrientationPortraitUpsideDown UIInterfaceOrientationLandscapeLeft UIInterfaceOrientationLandscapeRight";
				INFOPLIST_KEY_UISupportedInterfaceOrientations_iPhone = "UIInterfaceOrientationPortrait UIInterfaceOrientationLandscapeLeft UIInterfaceOrientationLandscapeRight";
				LD_RUNPATH_SEARCH_PATHS = (
					"$(inherited)",
					"@executable_path/Frameworks",
				);
				MARKETING_VERSION = 1.0;
				PRODUCT_BUNDLE_IDENTIFIER = "com.puhp.slideshows.Live-Demo-Week-03-Example-IOS-App";
				PRODUCT_NAME = "$(TARGET_NAME)";
				SWIFT_EMIT_LOC_STRINGS = YES;
				SWIFT_VERSION = 5.0;
				TARGETED_DEVICE_FAMILY = "1,2";
			};
			name = Release;
		};
		D5ADB9FD2AA7F0DB0063D055 /* Debug */ = {
			isa = XCBuildConfiguration;
			buildSettings = {
				ALWAYS_EMBED_SWIFT_STANDARD_LIBRARIES = YES;
				BUNDLE_LOADER = "$(TEST_HOST)";
				CODE_SIGN_STYLE = Automatic;
				CURRENT_PROJECT_VERSION = 1;
				DEVELOPMENT_TEAM = VK34W687C2;
				GENERATE_INFOPLIST_FILE = YES;
				IPHONEOS_DEPLOYMENT_TARGET = 16.4;
				MARKETING_VERSION = 1.0;
				PRODUCT_BUNDLE_IDENTIFIER = "com.puhp.slideshows.Live-Demo-Week-03-Example-IOS-AppTests";
				PRODUCT_NAME = "$(TARGET_NAME)";
				SWIFT_EMIT_LOC_STRINGS = NO;
				SWIFT_VERSION = 5.0;
				TARGETED_DEVICE_FAMILY = "1,2";
				TEST_HOST = "$(BUILT_PRODUCTS_DIR)/Live-Demo-Week_03-Example-IOS-App.app/$(BUNDLE_EXECUTABLE_FOLDER_PATH)/Live-Demo-Week_03-Example-IOS-App";
			};
			name = Debug;
		};
		D5ADB9FE2AA7F0DB0063D055 /* Release */ = {
			isa = XCBuildConfiguration;
			buildSettings = {
				ALWAYS_EMBED_SWIFT_STANDARD_LIBRARIES = YES;
				BUNDLE_LOADER = "$(TEST_HOST)";
				CODE_SIGN_STYLE = Automatic;
				CURRENT_PROJECT_VERSION = 1;
				DEVELOPMENT_TEAM = VK34W687C2;
				GENERATE_INFOPLIST_FILE = YES;
				IPHONEOS_DEPLOYMENT_TARGET = 16.4;
				MARKETING_VERSION = 1.0;
				PRODUCT_BUNDLE_IDENTIFIER = "com.puhp.slideshows.Live-Demo-Week-03-Example-IOS-AppTests";
				PRODUCT_NAME = "$(TARGET_NAME)";
				SWIFT_EMIT_LOC_STRINGS = NO;
				SWIFT_VERSION = 5.0;
				TARGETED_DEVICE_FAMILY = "1,2";
				TEST_HOST = "$(BUILT_PRODUCTS_DIR)/Live-Demo-Week_03-Example-IOS-App.app/$(BUNDLE_EXECUTABLE_FOLDER_PATH)/Live-Demo-Week_03-Example-IOS-App";
			};
			name = Release;
		};
		D5ADBA002AA7F0DB0063D055 /* Debug */ = {
			isa = XCBuildConfiguration;
			buildSettings = {
				ALWAYS_EMBED_SWIFT_STANDARD_LIBRARIES = YES;
				CODE_SIGN_STYLE = Automatic;
				CURRENT_PROJECT_VERSION = 1;
				DEVELOPMENT_TEAM = VK34W687C2;
				GENERATE_INFOPLIST_FILE = YES;
				MARKETING_VERSION = 1.0;
				PRODUCT_BUNDLE_IDENTIFIER = "com.puhp.slideshows.Live-Demo-Week-03-Example-IOS-AppUITests";
				PRODUCT_NAME = "$(TARGET_NAME)";
				SWIFT_EMIT_LOC_STRINGS = NO;
				SWIFT_VERSION = 5.0;
				TARGETED_DEVICE_FAMILY = "1,2";
				TEST_TARGET_NAME = "Live-Demo-Week_03-Example-IOS-App";
			};
			name = Debug;
		};
		D5ADBA012AA7F0DB0063D055 /* Release */ = {
			isa = XCBuildConfiguration;
			buildSettings = {
				ALWAYS_EMBED_SWIFT_STANDARD_LIBRARIES = YES;
				CODE_SIGN_STYLE = Automatic;
				CURRENT_PROJECT_VERSION = 1;
				DEVELOPMENT_TEAM = VK34W687C2;
				GENERATE_INFOPLIST_FILE = YES;
				MARKETING_VERSION = 1.0;
				PRODUCT_BUNDLE_IDENTIFIER = "com.puhp.slideshows.Live-Demo-Week-03-Example-IOS-AppUITests";
				PRODUCT_NAME = "$(TARGET_NAME)";
				SWIFT_EMIT_LOC_STRINGS = NO;
				SWIFT_VERSION = 5.0;
				TARGETED_DEVICE_FAMILY = "1,2";
				TEST_TARGET_NAME = "Live-Demo-Week_03-Example-IOS-App";
			};
			name = Release;
		};
/* End XCBuildConfiguration section */

/* Begin XCConfigurationList section */
		D5ADB9CA2AA7F0D70063D055 /* Build configuration list for PBXProject "Live-Demo-Week_03-Example-IOS-App" */ = {
			isa = XCConfigurationList;
			buildConfigurations = (
				D5ADB9F72AA7F0DB0063D055 /* Debug */,
				D5ADB9F82AA7F0DB0063D055 /* Release */,
			);
			defaultConfigurationIsVisible = 0;
			defaultConfigurationName = Release;
		};
		D5ADB9F92AA7F0DB0063D055 /* Build configuration list for PBXNativeTarget "Live-Demo-Week_03-Example-IOS-App" */ = {
			isa = XCConfigurationList;
			buildConfigurations = (
				D5ADB9FA2AA7F0DB0063D055 /* Debug */,
				D5ADB9FB2AA7F0DB0063D055 /* Release */,
			);
			defaultConfigurationIsVisible = 0;
			defaultConfigurationName = Release;
		};
		D5ADB9FC2AA7F0DB0063D055 /* Build configuration list for PBXNativeTarget "Live-Demo-Week_03-Example-IOS-AppTests" */ = {
			isa = XCConfigurationList;
			buildConfigurations = (
				D5ADB9FD2AA7F0DB0063D055 /* Debug */,
				D5ADB9FE2AA7F0DB0063D055 /* Release */,
			);
			defaultConfigurationIsVisible = 0;
			defaultConfigurationName = Release;
		};
		D5ADB9FF2AA7F0DB0063D055 /* Build configuration list for PBXNativeTarget "Live-Demo-Week_03-Example-IOS-AppUITests" */ = {
			isa = XCConfigurationList;
			buildConfigurations = (
				D5ADBA002AA7F0DB0063D055 /* Debug */,
				D5ADBA012AA7F0DB0063D055 /* Release */,
			);
			defaultConfigurationIsVisible = 0;
			defaultConfigurationName = Release;
		};
/* End XCConfigurationList section */
	};
	rootObject = D5ADB9C72AA7F0D70063D055 /* Project object */;
}
